
Microsoft Visual Studio Solution File, Format Version 12.00
# Visual Studio 15
VisualStudioVersion = 15.0.27703.2000
MinimumVisualStudioVersion = 10.0.40219.1
Project("{FAE04EC0-301F-11D3-BF4B-00C04F79EFBC}") = "BurgerMaker", "BurgerMaker\BurgerMaker.csproj", "{F1D1EDF0-3A69-43DF-8787-EBB6B8FCA2FE}"
EndProject
Project("{FAE04EC0-301F-11D3-BF4B-00C04F79EFBC}") = "DataAccess", "DataAccess\DataAccess.csproj", "{DFD8A288-7563-4796-B21F-D075950C7B32}"
EndProject
Project("{FAE04EC0-301F-11D3-BF4B-00C04F79EFBC}") = "Repositories", "Repositories\Repositories.csproj", "{DD04FC58-2604-4DC1-AF7F-7CAFAAA86F5D}"
EndProject
Global
	GlobalSection(SolutionConfigurationPlatforms) = preSolution
		Debug|Any CPU = Debug|Any CPU
		Release|Any CPU = Release|Any CPU
	EndGlobalSection
	GlobalSection(ProjectConfigurationPlatforms) = postSolution
		{F1D1EDF0-3A69-43DF-8787-EBB6B8FCA2FE}.Debug|Any CPU.ActiveCfg = Debug|Any CPU
		{F1D1EDF0-3A69-43DF-8787-EBB6B8FCA2FE}.Debug|Any CPU.Build.0 = Debug|Any CPU
		{F1D1EDF0-3A69-43DF-8787-EBB6B8FCA2FE}.Release|Any CPU.ActiveCfg = Release|Any CPU
		{F1D1EDF0-3A69-43DF-8787-EBB6B8FCA2FE}.Release|Any CPU.Build.0 = Release|Any CPU
		{DFD8A288-7563-4796-B21F-D075950C7B32}.Debug|Any CPU.ActiveCfg = Debug|Any CPU
		{DFD8A288-7563-4796-B21F-D075950C7B32}.Debug|Any CPU.Build.0 = Debug|Any CPU
		{DFD8A288-7563-4796-B21F-D075950C7B32}.Release|Any CPU.ActiveCfg = Release|Any CPU
		{DFD8A288-7563-4796-B21F-D075950C7B32}.Release|Any CPU.Build.0 = Release|Any CPU
		{DD04FC58-2604-4DC1-AF7F-7CAFAAA86F5D}.Debug|Any CPU.ActiveCfg = Debug|Any CPU
		{DD04FC58-2604-4DC1-AF7F-7CAFAAA86F5D}.Debug|Any CPU.Build.0 = Debug|Any CPU
		{DD04FC58-2604-4DC1-AF7F-7CAFAAA86F5D}.Release|Any CPU.ActiveCfg = Release|Any CPU
		{DD04FC58-2604-4DC1-AF7F-7CAFAAA86F5D}.Release|Any CPU.Build.0 = Release|Any CPU
	EndGlobalSection
	GlobalSection(SolutionProperties) = preSolution
		HideSolutionNode = FALSE
	EndGlobalSection
	GlobalSection(ExtensibilityGlobals) = postSolution
		SolutionGuid = {3D96FC34-CD90-44A6-8111-1171863C1285}
	EndGlobalSection
EndGlobal
